
Microsoft Visual Studio Solution File, Format Version 12.00
# Visual Studio Version 17
VisualStudioVersion = 17.3.32825.248
MinimumVisualStudioVersion = 10.0.40219.1
Project("{FAE04EC0-301F-11D3-BF4B-00C04F79EFBC}") = "Maze", "Maze\Maze.csproj", "{5002D4B4-C145-4AB9-BC03-B2FFB6BF8C1A}"
EndProject
Project("{FAE04EC0-301F-11D3-BF4B-00C04F79EFBC}") = "AbstractFactory", "AbstractFactory\AbstractFactory.csproj", "{BA63D2C2-6B39-4E81-B809-AFA45FF2AF17}"
EndProject
Project("{FAE04EC0-301F-11D3-BF4B-00C04F79EFBC}") = "Builder", "Builder\Builder.csproj", "{1481F7CC-4CE1-483B-BC8F-70851478BA22}"
EndProject
Project("{FAE04EC0-301F-11D3-BF4B-00C04F79EFBC}") = "Factory", "Factory\Factory.csproj", "{E141F9F3-BFE7-44D0-9C98-60BBAE086ED7}"
EndProject
Project("{FAE04EC0-301F-11D3-BF4B-00C04F79EFBC}") = "Prototype", "Prototype\Prototype.csproj", "{F5E0F9A8-209F-4855-ADDA-4F38B0147B64}"
EndProject
Project("{FAE04EC0-301F-11D3-BF4B-00C04F79EFBC}") = "Singleton", "Singleton\Singleton.csproj", "{01A8A6E6-0EA8-4E20-8E79-CD6458BF4CB1}"
EndProject
Global
	GlobalSection(SolutionConfigurationPlatforms) = preSolution
		Debug|Any CPU = Debug|Any CPU
		Release|Any CPU = Release|Any CPU
	EndGlobalSection
	GlobalSection(ProjectConfigurationPlatforms) = postSolution
		{5002D4B4-C145-4AB9-BC03-B2FFB6BF8C1A}.Debug|Any CPU.ActiveCfg = Debug|Any CPU
		{5002D4B4-C145-4AB9-BC03-B2FFB6BF8C1A}.Debug|Any CPU.Build.0 = Debug|Any CPU
		{5002D4B4-C145-4AB9-BC03-B2FFB6BF8C1A}.Release|Any CPU.ActiveCfg = Release|Any CPU
		{5002D4B4-C145-4AB9-BC03-B2FFB6BF8C1A}.Release|Any CPU.Build.0 = Release|Any CPU
		{BA63D2C2-6B39-4E81-B809-AFA45FF2AF17}.Debug|Any CPU.ActiveCfg = Debug|Any CPU
		{BA63D2C2-6B39-4E81-B809-AFA45FF2AF17}.Debug|Any CPU.Build.0 = Debug|Any CPU
		{BA63D2C2-6B39-4E81-B809-AFA45FF2AF17}.Release|Any CPU.ActiveCfg = Release|Any CPU
		{BA63D2C2-6B39-4E81-B809-AFA45FF2AF17}.Release|Any CPU.Build.0 = Release|Any CPU
		{1481F7CC-4CE1-483B-BC8F-70851478BA22}.Debug|Any CPU.ActiveCfg = Debug|Any CPU
		{1481F7CC-4CE1-483B-BC8F-70851478BA22}.Debug|Any CPU.Build.0 = Debug|Any CPU
		{1481F7CC-4CE1-483B-BC8F-70851478BA22}.Release|Any CPU.ActiveCfg = Release|Any CPU
		{1481F7CC-4CE1-483B-BC8F-70851478BA22}.Release|Any CPU.Build.0 = Release|Any CPU
		{E141F9F3-BFE7-44D0-9C98-60BBAE086ED7}.Debug|Any CPU.ActiveCfg = Debug|Any CPU
		{E141F9F3-BFE7-44D0-9C98-60BBAE086ED7}.Debug|Any CPU.Build.0 = Debug|Any CPU
		{E141F9F3-BFE7-44D0-9C98-60BBAE086ED7}.Release|Any CPU.ActiveCfg = Release|Any CPU
		{E141F9F3-BFE7-44D0-9C98-60BBAE086ED7}.Release|Any CPU.Build.0 = Release|Any CPU
		{F5E0F9A8-209F-4855-ADDA-4F38B0147B64}.Debug|Any CPU.ActiveCfg = Debug|Any CPU
		{F5E0F9A8-209F-4855-ADDA-4F38B0147B64}.Debug|Any CPU.Build.0 = Debug|Any CPU
		{F5E0F9A8-209F-4855-ADDA-4F38B0147B64}.Release|Any CPU.ActiveCfg = Release|Any CPU
		{F5E0F9A8-209F-4855-ADDA-4F38B0147B64}.Release|Any CPU.Build.0 = Release|Any CPU
		{01A8A6E6-0EA8-4E20-8E79-CD6458BF4CB1}.Debug|Any CPU.ActiveCfg = Debug|Any CPU
		{01A8A6E6-0EA8-4E20-8E79-CD6458BF4CB1}.Debug|Any CPU.Build.0 = Debug|Any CPU
		{01A8A6E6-0EA8-4E20-8E79-CD6458BF4CB1}.Release|Any CPU.ActiveCfg = Release|Any CPU
		{01A8A6E6-0EA8-4E20-8E79-CD6458BF4CB1}.Release|Any CPU.Build.0 = Release|Any CPU
	EndGlobalSection
	GlobalSection(SolutionProperties) = preSolution
		HideSolutionNode = FALSE
	EndGlobalSection
	GlobalSection(ExtensibilityGlobals) = postSolution
		SolutionGuid = {E4CEAC98-AF9B-45E4-88E8-F38C6863E72A}
	EndGlobalSection
EndGlobal
